<?xml version="1.0" encoding="utf-8"?>
<Project ToolsVersion="18.0" xmlns="http://schemas.microsoft.com/developer/msbuild/2003">
  <ItemGroup>
    <CustomBuild Include="D:\Projects\C++\NMEA_DHF\msvc\CMakeFiles\7e3de069715583dba8fdafccd939f739\generate.stamp.rule">
      <Filter>CMake Rules</Filter>
    </CustomBuild>
  </ItemGroup>
  <ItemGroup>
    <Filter Include="CMake Rules">
      <UniqueIdentifier>{097D0761-B424-3A3D-97A1-25F1520E2953}</UniqueIdentifier>
    </Filter>
  </ItemGroup>
</Project>
